
Microsoft Visual Studio Solution File, Format Version 12.00
# Visual Studio Version 17
VisualStudioVersion = 17.0.31903.59
MinimumVisualStudioVersion = 10.0.40219.1
Project("{FAE04EC0-301F-11D3-BF4B-00C04F79EFBC}") = "CodingChallenge.ChallengeServer.Plugins.Demo", "CodingChallenge.ChallengeServer.Plugins.Demo\CodingChallenge.ChallengeServer.Plugins.Demo.csproj", "{5161CF5E-2C61-434C-AC0F-13FEF2FB4852}"
EndProject
Global
	GlobalSection(SolutionConfigurationPlatforms) = preSolution
		Debug|Any CPU = Debug|Any CPU
		Release|Any CPU = Release|Any CPU
	EndGlobalSection
	GlobalSection(ProjectConfigurationPlatforms) = postSolution
		{5161CF5E-2C61-434C-AC0F-13FEF2FB4852}.Debug|Any CPU.ActiveCfg = Debug|Any CPU
		{5161CF5E-2C61-434C-AC0F-13FEF2FB4852}.Debug|Any CPU.Build.0 = Debug|Any CPU
		{5161CF5E-2C61-434C-AC0F-13FEF2FB4852}.Release|Any CPU.ActiveCfg = Release|Any CPU
		{5161CF5E-2C61-434C-AC0F-13FEF2FB4852}.Release|Any CPU.Build.0 = Release|Any CPU
	EndGlobalSection
	GlobalSection(SolutionProperties) = preSolution
		HideSolutionNode = FALSE
	EndGlobalSection
	GlobalSection(ExtensibilityGlobals) = postSolution
		SolutionGuid = {00E2058A-6C54-479F-A975-C5FE8F85C904}
	EndGlobalSection
EndGlobal
